
Microsoft Visual Studio Solution File, Format Version 12.00
# Visual Studio Version 16
VisualStudioVersion = 16.0.30611.23
MinimumVisualStudioVersion = 10.0.40219.1
Project("{FAE04EC0-301F-11D3-BF4B-00C04F79EFBC}") = "Arrays", "Arrays\Arrays.csproj", "{B1CF804B-2F74-4429-9018-D4F0BCE0BAF3}"
EndProject
Global
	GlobalSection(SolutionConfigurationPlatforms) = preSolution
		Debug|Any CPU = Debug|Any CPU
		Release|Any CPU = Release|Any CPU
	EndGlobalSection
	GlobalSection(ProjectConfigurationPlatforms) = postSolution
		{B1CF804B-2F74-4429-9018-D4F0BCE0BAF3}.Debug|Any CPU.ActiveCfg = Debug|Any CPU
		{B1CF804B-2F74-4429-9018-D4F0BCE0BAF3}.Debug|Any CPU.Build.0 = Debug|Any CPU
		{B1CF804B-2F74-4429-9018-D4F0BCE0BAF3}.Release|Any CPU.ActiveCfg = Release|Any CPU
		{B1CF804B-2F74-4429-9018-D4F0BCE0BAF3}.Release|Any CPU.Build.0 = Release|Any CPU
	EndGlobalSection
	GlobalSection(SolutionProperties) = preSolution
		HideSolutionNode = FALSE
	EndGlobalSection
	GlobalSection(ExtensibilityGlobals) = postSolution
		SolutionGuid = {1FF6436C-7FAB-4261-8224-8F59535D787D}
	EndGlobalSection
EndGlobal
