
Microsoft Visual Studio Solution File, Format Version 12.00
# Visual Studio Version 16
VisualStudioVersion = 16.0.30611.23
MinimumVisualStudioVersion = 10.0.40219.1
Project("{FAE04EC0-301F-11D3-BF4B-00C04F79EFBC}") = "Condicionais_3", "Condicionais_3\Condicionais_3.csproj", "{6721E241-3245-47D2-A860-7147FB3F169D}"
EndProject
Global
	GlobalSection(SolutionConfigurationPlatforms) = preSolution
		Debug|Any CPU = Debug|Any CPU
		Release|Any CPU = Release|Any CPU
	EndGlobalSection
	GlobalSection(ProjectConfigurationPlatforms) = postSolution
		{6721E241-3245-47D2-A860-7147FB3F169D}.Debug|Any CPU.ActiveCfg = Debug|Any CPU
		{6721E241-3245-47D2-A860-7147FB3F169D}.Debug|Any CPU.Build.0 = Debug|Any CPU
		{6721E241-3245-47D2-A860-7147FB3F169D}.Release|Any CPU.ActiveCfg = Release|Any CPU
		{6721E241-3245-47D2-A860-7147FB3F169D}.Release|Any CPU.Build.0 = Release|Any CPU
	EndGlobalSection
	GlobalSection(SolutionProperties) = preSolution
		HideSolutionNode = FALSE
	EndGlobalSection
	GlobalSection(ExtensibilityGlobals) = postSolution
		SolutionGuid = {E2582192-57C9-46D2-B7CE-B0905E0977C2}
	EndGlobalSection
EndGlobal
