
Microsoft Visual Studio Solution File, Format Version 12.00
# Visual Studio Version 16
VisualStudioVersion = 16.0.30611.23
MinimumVisualStudioVersion = 10.0.40219.1
Project("{FAE04EC0-301F-11D3-BF4B-00C04F79EFBC}") = "Enum_Switch", "Enum_Switch\Enum_Switch.csproj", "{E814C085-436B-439A-A0DC-0287553AEB1D}"
EndProject
Global
	GlobalSection(SolutionConfigurationPlatforms) = preSolution
		Debug|Any CPU = Debug|Any CPU
		Release|Any CPU = Release|Any CPU
	EndGlobalSection
	GlobalSection(ProjectConfigurationPlatforms) = postSolution
		{E814C085-436B-439A-A0DC-0287553AEB1D}.Debug|Any CPU.ActiveCfg = Debug|Any CPU
		{E814C085-436B-439A-A0DC-0287553AEB1D}.Debug|Any CPU.Build.0 = Debug|Any CPU
		{E814C085-436B-439A-A0DC-0287553AEB1D}.Release|Any CPU.ActiveCfg = Release|Any CPU
		{E814C085-436B-439A-A0DC-0287553AEB1D}.Release|Any CPU.Build.0 = Release|Any CPU
	EndGlobalSection
	GlobalSection(SolutionProperties) = preSolution
		HideSolutionNode = FALSE
	EndGlobalSection
	GlobalSection(ExtensibilityGlobals) = postSolution
		SolutionGuid = {2D541C88-DF39-4D1E-8B44-AB9A4038D935}
	EndGlobalSection
EndGlobal
