
Microsoft Visual Studio Solution File, Format Version 12.00
# Visual Studio Version 16
VisualStudioVersion = 16.0.30517.126
MinimumVisualStudioVersion = 10.0.40219.1
Project("{FAE04EC0-301F-11D3-BF4B-00C04F79EFBC}") = "HelloWorld", "HelloWorld\HelloWorld.csproj", "{AEA20CC9-3A6F-4674-BC27-167BB24C0E04}"
EndProject
Global
	GlobalSection(SolutionConfigurationPlatforms) = preSolution
		Debug|Any CPU = Debug|Any CPU
		Release|Any CPU = Release|Any CPU
	EndGlobalSection
	GlobalSection(ProjectConfigurationPlatforms) = postSolution
		{AEA20CC9-3A6F-4674-BC27-167BB24C0E04}.Debug|Any CPU.ActiveCfg = Debug|Any CPU
		{AEA20CC9-3A6F-4674-BC27-167BB24C0E04}.Debug|Any CPU.Build.0 = Debug|Any CPU
		{AEA20CC9-3A6F-4674-BC27-167BB24C0E04}.Release|Any CPU.ActiveCfg = Release|Any CPU
		{AEA20CC9-3A6F-4674-BC27-167BB24C0E04}.Release|Any CPU.Build.0 = Release|Any CPU
	EndGlobalSection
	GlobalSection(SolutionProperties) = preSolution
		HideSolutionNode = FALSE
	EndGlobalSection
	GlobalSection(ExtensibilityGlobals) = postSolution
		SolutionGuid = {963BC6FB-D892-49A2-8246-EECFDE93E404}
	EndGlobalSection
EndGlobal
