
Microsoft Visual Studio Solution File, Format Version 12.00
# Visual Studio Version 16
VisualStudioVersion = 16.0.30611.23
MinimumVisualStudioVersion = 10.0.40219.1
Project("{FAE04EC0-301F-11D3-BF4B-00C04F79EFBC}") = "Operadores_Logicos_2", "Operadores_Logicos_2\Operadores_Logicos_2.csproj", "{50635A44-297B-40DD-B0B1-3EF4D0F34543}"
EndProject
Global
	GlobalSection(SolutionConfigurationPlatforms) = preSolution
		Debug|Any CPU = Debug|Any CPU
		Release|Any CPU = Release|Any CPU
	EndGlobalSection
	GlobalSection(ProjectConfigurationPlatforms) = postSolution
		{50635A44-297B-40DD-B0B1-3EF4D0F34543}.Debug|Any CPU.ActiveCfg = Debug|Any CPU
		{50635A44-297B-40DD-B0B1-3EF4D0F34543}.Debug|Any CPU.Build.0 = Debug|Any CPU
		{50635A44-297B-40DD-B0B1-3EF4D0F34543}.Release|Any CPU.ActiveCfg = Release|Any CPU
		{50635A44-297B-40DD-B0B1-3EF4D0F34543}.Release|Any CPU.Build.0 = Release|Any CPU
	EndGlobalSection
	GlobalSection(SolutionProperties) = preSolution
		HideSolutionNode = FALSE
	EndGlobalSection
	GlobalSection(ExtensibilityGlobals) = postSolution
		SolutionGuid = {9548148D-3344-4EB7-9E32-BC7EDB98FD5C}
	EndGlobalSection
EndGlobal
