
Microsoft Visual Studio Solution File, Format Version 12.00
# Visual Studio Version 16
VisualStudioVersion = 16.0.30611.23
MinimumVisualStudioVersion = 10.0.40219.1
Project("{FAE04EC0-301F-11D3-BF4B-00C04F79EFBC}") = "Retorno_Funcoes", "Retorno_Funcoes\Retorno_Funcoes.csproj", "{B3AEE79A-CCC6-40E1-A547-2F804F040CAD}"
EndProject
Global
	GlobalSection(SolutionConfigurationPlatforms) = preSolution
		Debug|Any CPU = Debug|Any CPU
		Release|Any CPU = Release|Any CPU
	EndGlobalSection
	GlobalSection(ProjectConfigurationPlatforms) = postSolution
		{B3AEE79A-CCC6-40E1-A547-2F804F040CAD}.Debug|Any CPU.ActiveCfg = Debug|Any CPU
		{B3AEE79A-CCC6-40E1-A547-2F804F040CAD}.Debug|Any CPU.Build.0 = Debug|Any CPU
		{B3AEE79A-CCC6-40E1-A547-2F804F040CAD}.Release|Any CPU.ActiveCfg = Release|Any CPU
		{B3AEE79A-CCC6-40E1-A547-2F804F040CAD}.Release|Any CPU.Build.0 = Release|Any CPU
	EndGlobalSection
	GlobalSection(SolutionProperties) = preSolution
		HideSolutionNode = FALSE
	EndGlobalSection
	GlobalSection(ExtensibilityGlobals) = postSolution
		SolutionGuid = {746F2929-9D57-45EE-9EF7-AAB846D11338}
	EndGlobalSection
EndGlobal
